
Microsoft Visual Studio Solution File, Format Version 12.00
# Visual Studio Version 17
VisualStudioVersion = 17.4.33213.308
MinimumVisualStudioVersion = 10.0.40219.1
Project("{9A19103F-16F7-4668-BE54-9A1E7A4F7556}") = "GYM.API", "GymAppApi\GYM.API.csproj", "{6F49AF9D-8477-444F-9B4C-2917014E8AF5}"
EndProject
Project("{9A19103F-16F7-4668-BE54-9A1E7A4F7556}") = "GYM.DAL", "GYM.DAL\GYM.DAL.csproj", "{46EB49C0-A056-4D98-9908-3543DA55C81A}"
EndProject
Project("{9A19103F-16F7-4668-BE54-9A1E7A4F7556}") = "GYM.BLL", "GYM.BLL\GYM.BLL.csproj", "{AB2FE583-D6AF-425A-BBD6-474D9AD1932C}"
EndProject
Project("{9A19103F-16F7-4668-BE54-9A1E7A4F7556}") = "GYM.BLL.Tests", "GYM.BLL.Tests\GYM.BLL.Tests.csproj", "{D8FE76AC-A32B-4AF2-9FBB-2160B9ABE933}"
EndProject
Project("{9A19103F-16F7-4668-BE54-9A1E7A4F7556}") = "GYM.API.IntegrationTests", "GYM.IntegrationTests\GYM.API.IntegrationTests.csproj", "{21CF9DA0-9197-4BE2-B55A-20C95D3FD414}"
EndProject
Project("{9A19103F-16F7-4668-BE54-9A1E7A4F7556}") = "TestClientForGrpc", "TestClientForGrpc\TestClientForGrpc.csproj", "{D3C2DCAD-2F22-4214-9660-7A01C240F8BA}"
EndProject
Project("{FAE04EC0-301F-11D3-BF4B-00C04F79EFBC}") = "GYM.GrpcService", "GYM.GrpcService\GYM.GrpcService.csproj", "{CD2E8600-083D-4AEE-944C-66D6F157364D}"
EndProject
Global
	GlobalSection(SolutionConfigurationPlatforms) = preSolution
		Debug|Any CPU = Debug|Any CPU
		Release|Any CPU = Release|Any CPU
	EndGlobalSection
	GlobalSection(ProjectConfigurationPlatforms) = postSolution
		{6F49AF9D-8477-444F-9B4C-2917014E8AF5}.Debug|Any CPU.ActiveCfg = Debug|Any CPU
		{6F49AF9D-8477-444F-9B4C-2917014E8AF5}.Debug|Any CPU.Build.0 = Debug|Any CPU
		{6F49AF9D-8477-444F-9B4C-2917014E8AF5}.Release|Any CPU.ActiveCfg = Release|Any CPU
		{6F49AF9D-8477-444F-9B4C-2917014E8AF5}.Release|Any CPU.Build.0 = Release|Any CPU
		{46EB49C0-A056-4D98-9908-3543DA55C81A}.Debug|Any CPU.ActiveCfg = Debug|Any CPU
		{46EB49C0-A056-4D98-9908-3543DA55C81A}.Debug|Any CPU.Build.0 = Debug|Any CPU
		{46EB49C0-A056-4D98-9908-3543DA55C81A}.Release|Any CPU.ActiveCfg = Release|Any CPU
		{46EB49C0-A056-4D98-9908-3543DA55C81A}.Release|Any CPU.Build.0 = Release|Any CPU
		{AB2FE583-D6AF-425A-BBD6-474D9AD1932C}.Debug|Any CPU.ActiveCfg = Debug|Any CPU
		{AB2FE583-D6AF-425A-BBD6-474D9AD1932C}.Debug|Any CPU.Build.0 = Debug|Any CPU
		{AB2FE583-D6AF-425A-BBD6-474D9AD1932C}.Release|Any CPU.ActiveCfg = Release|Any CPU
		{AB2FE583-D6AF-425A-BBD6-474D9AD1932C}.Release|Any CPU.Build.0 = Release|Any CPU
		{D8FE76AC-A32B-4AF2-9FBB-2160B9ABE933}.Debug|Any CPU.ActiveCfg = Debug|Any CPU
		{D8FE76AC-A32B-4AF2-9FBB-2160B9ABE933}.Debug|Any CPU.Build.0 = Debug|Any CPU
		{D8FE76AC-A32B-4AF2-9FBB-2160B9ABE933}.Release|Any CPU.ActiveCfg = Release|Any CPU
		{D8FE76AC-A32B-4AF2-9FBB-2160B9ABE933}.Release|Any CPU.Build.0 = Release|Any CPU
		{21CF9DA0-9197-4BE2-B55A-20C95D3FD414}.Debug|Any CPU.ActiveCfg = Debug|Any CPU
		{21CF9DA0-9197-4BE2-B55A-20C95D3FD414}.Debug|Any CPU.Build.0 = Debug|Any CPU
		{21CF9DA0-9197-4BE2-B55A-20C95D3FD414}.Release|Any CPU.ActiveCfg = Release|Any CPU
		{21CF9DA0-9197-4BE2-B55A-20C95D3FD414}.Release|Any CPU.Build.0 = Release|Any CPU
		{D3C2DCAD-2F22-4214-9660-7A01C240F8BA}.Debug|Any CPU.ActiveCfg = Debug|Any CPU
		{D3C2DCAD-2F22-4214-9660-7A01C240F8BA}.Debug|Any CPU.Build.0 = Debug|Any CPU
		{D3C2DCAD-2F22-4214-9660-7A01C240F8BA}.Release|Any CPU.ActiveCfg = Release|Any CPU
		{D3C2DCAD-2F22-4214-9660-7A01C240F8BA}.Release|Any CPU.Build.0 = Release|Any CPU
		{CD2E8600-083D-4AEE-944C-66D6F157364D}.Debug|Any CPU.ActiveCfg = Debug|Any CPU
		{CD2E8600-083D-4AEE-944C-66D6F157364D}.Debug|Any CPU.Build.0 = Debug|Any CPU
		{CD2E8600-083D-4AEE-944C-66D6F157364D}.Release|Any CPU.ActiveCfg = Release|Any CPU
		{CD2E8600-083D-4AEE-944C-66D6F157364D}.Release|Any CPU.Build.0 = Release|Any CPU
	EndGlobalSection
	GlobalSection(SolutionProperties) = preSolution
		HideSolutionNode = FALSE
	EndGlobalSection
	GlobalSection(ExtensibilityGlobals) = postSolution
		SolutionGuid = {E11CBABF-AB31-4FE9-B506-1FCA79E55454}
	EndGlobalSection
EndGlobal
