
Microsoft Visual Studio Solution File, Format Version 12.00
# Visual Studio Version 17
VisualStudioVersion = 17.4.33213.308
MinimumVisualStudioVersion = 10.0.40219.1
Project("{FAE04EC0-301F-11D3-BF4B-00C04F79EFBC}") = "GymApi", "GymApi\GymApi.csproj", "{A3E0FB78-17CE-420B-8C4A-3F643472B6C5}"
EndProject
Project("{FAE04EC0-301F-11D3-BF4B-00C04F79EFBC}") = "GymApp.DAL", "GymApp.DAL\GymApp.DAL.csproj", "{91902192-2A94-482C-8917-22AD005EBBBC}"
EndProject
Project("{FAE04EC0-301F-11D3-BF4B-00C04F79EFBC}") = "GymApp.BLL", "GymApp.BLL\GymApp.BLL.csproj", "{A56CB8A7-C9CF-4AF2-8608-7D717A28AE92}"
EndProject
Global
	GlobalSection(SolutionConfigurationPlatforms) = preSolution
		Debug|Any CPU = Debug|Any CPU
		Release|Any CPU = Release|Any CPU
	EndGlobalSection
	GlobalSection(ProjectConfigurationPlatforms) = postSolution
		{A3E0FB78-17CE-420B-8C4A-3F643472B6C5}.Debug|Any CPU.ActiveCfg = Debug|Any CPU
		{A3E0FB78-17CE-420B-8C4A-3F643472B6C5}.Debug|Any CPU.Build.0 = Debug|Any CPU
		{A3E0FB78-17CE-420B-8C4A-3F643472B6C5}.Release|Any CPU.ActiveCfg = Release|Any CPU
		{A3E0FB78-17CE-420B-8C4A-3F643472B6C5}.Release|Any CPU.Build.0 = Release|Any CPU
		{91902192-2A94-482C-8917-22AD005EBBBC}.Debug|Any CPU.ActiveCfg = Debug|Any CPU
		{91902192-2A94-482C-8917-22AD005EBBBC}.Debug|Any CPU.Build.0 = Debug|Any CPU
		{91902192-2A94-482C-8917-22AD005EBBBC}.Release|Any CPU.ActiveCfg = Release|Any CPU
		{91902192-2A94-482C-8917-22AD005EBBBC}.Release|Any CPU.Build.0 = Release|Any CPU
		{A56CB8A7-C9CF-4AF2-8608-7D717A28AE92}.Debug|Any CPU.ActiveCfg = Debug|Any CPU
		{A56CB8A7-C9CF-4AF2-8608-7D717A28AE92}.Debug|Any CPU.Build.0 = Debug|Any CPU
		{A56CB8A7-C9CF-4AF2-8608-7D717A28AE92}.Release|Any CPU.ActiveCfg = Release|Any CPU
		{A56CB8A7-C9CF-4AF2-8608-7D717A28AE92}.Release|Any CPU.Build.0 = Release|Any CPU
	EndGlobalSection
	GlobalSection(SolutionProperties) = preSolution
		HideSolutionNode = FALSE
	EndGlobalSection
	GlobalSection(ExtensibilityGlobals) = postSolution
		SolutionGuid = {70F0E1FD-8D10-4EF0-88E8-009B72BAD8CF}
	EndGlobalSection
EndGlobal
